
Microsoft Visual Studio Solution File, Format Version 12.00
# Visual Studio Version 16
VisualStudioVersion = 16.0.29519.181
MinimumVisualStudioVersion = 10.0.40219.1
Project("{9A19103F-16F7-4668-BE54-9A1E7A4F7556}") = "SrtPlayer", "SrtPlayer\SrtPlayer.csproj", "{32F45430-6E81-43D9-9213-F11E509D7015}"
EndProject
Global
	GlobalSection(SolutionConfigurationPlatforms) = preSolution
		Debug|Any CPU = Debug|Any CPU
		Debug|x64 = Debug|x64
		Debug|x86 = Debug|x86
		Release|Any CPU = Release|Any CPU
		Release|x64 = Release|x64
		Release|x86 = Release|x86
	EndGlobalSection
	GlobalSection(ProjectConfigurationPlatforms) = postSolution
		{32F45430-6E81-43D9-9213-F11E509D7015}.Debug|Any CPU.ActiveCfg = Debug|Any CPU
		{32F45430-6E81-43D9-9213-F11E509D7015}.Debug|Any CPU.Build.0 = Debug|Any CPU
		{32F45430-6E81-43D9-9213-F11E509D7015}.Debug|x64.ActiveCfg = Debug|x64
		{32F45430-6E81-43D9-9213-F11E509D7015}.Debug|x64.Build.0 = Debug|x64
		{32F45430-6E81-43D9-9213-F11E509D7015}.Debug|x86.ActiveCfg = Debug|x64
		{32F45430-6E81-43D9-9213-F11E509D7015}.Debug|x86.Build.0 = Debug|x64
		{32F45430-6E81-43D9-9213-F11E509D7015}.Release|Any CPU.ActiveCfg = Release|Any CPU
		{32F45430-6E81-43D9-9213-F11E509D7015}.Release|Any CPU.Build.0 = Release|Any CPU
		{32F45430-6E81-43D9-9213-F11E509D7015}.Release|x64.ActiveCfg = Release|x64
		{32F45430-6E81-43D9-9213-F11E509D7015}.Release|x64.Build.0 = Release|x64
		{32F45430-6E81-43D9-9213-F11E509D7015}.Release|x86.ActiveCfg = Release|x86
		{32F45430-6E81-43D9-9213-F11E509D7015}.Release|x86.Build.0 = Release|x86
	EndGlobalSection
	GlobalSection(SolutionProperties) = preSolution
		HideSolutionNode = FALSE
	EndGlobalSection
	GlobalSection(ExtensibilityGlobals) = postSolution
		SolutionGuid = {D8026AC3-027E-40D2-8CDC-EF05554DDABD}
	EndGlobalSection
EndGlobal
